
Microsoft Visual Studio Solution File, Format Version 12.00
# Visual Studio Version 17
VisualStudioVersion = 17.13.35828.75 d17.13
MinimumVisualStudioVersion = 10.0.40219.1
Project("{FAE04EC0-301F-11D3-BF4B-00C04F79EFBC}") = "GitParser", "GitParser\GitParser.csproj", "{425FD10F-DC1E-4E1B-B833-13178680075C}"
EndProject
Global
	GlobalSection(SolutionConfigurationPlatforms) = preSolution
		Debug|Any CPU = Debug|Any CPU
		Release|Any CPU = Release|Any CPU
	EndGlobalSection
	GlobalSection(ProjectConfigurationPlatforms) = postSolution
		{425FD10F-DC1E-4E1B-B833-13178680075C}.Debug|Any CPU.ActiveCfg = Debug|Any CPU
		{425FD10F-DC1E-4E1B-B833-13178680075C}.Debug|Any CPU.Build.0 = Debug|Any CPU
		{425FD10F-DC1E-4E1B-B833-13178680075C}.Release|Any CPU.ActiveCfg = Release|Any CPU
		{425FD10F-DC1E-4E1B-B833-13178680075C}.Release|Any CPU.Build.0 = Release|Any CPU
	EndGlobalSection
	GlobalSection(SolutionProperties) = preSolution
		HideSolutionNode = FALSE
	EndGlobalSection
	GlobalSection(ExtensibilityGlobals) = postSolution
		SolutionGuid = {D5E052F2-E6E2-42D2-BBE4-DA0743D820D9}
	EndGlobalSection
EndGlobal
